<Solution>
  <Folder Name="/Solution Items/">
    <File Path=".editorconfig" />
    <File Path=".gitattributes" />
    <File Path=".gitignore" />
    <File Path="AGENTS.md" />
    <File Path="Analyzers.ruleset" />
    <File Path="CLAUDE.md" />
    <File Path="Directory.Build.props" />
    <File Path="Directory.Build.targets" />
    <File Path="dotnet-performance.sln.DotSettings" />
    <File Path="LICENSE" />
    <File Path="README.md" />
    <File Path="README.ja.md" />
  </Folder>
  <Folder Name="/benchmarks/">
    <Project Path="benchmarks/PerformancePatterns.Benchmarks/PerformancePatterns.Benchmarks.csproj" DefaultStartup="true" />
  </Folder>
  <Folder Name="/src/">
    <Project Path="src/PerformancePatterns/PerformancePatterns.csproj" />
  </Folder>
  <Folder Name="/tests/">
    <Project Path="tests/PerformancePatterns.Tests/PerformancePatterns.Tests.csproj" />
  </Folder>
</Solution>
