<Solution>
  <Folder Name="/benchmarks/">
    <Project Path="benchmarks/PerformancePatterns.Benchmarks/PerformancePatterns.Benchmarks.csproj" />
  </Folder>
  <Folder Name="/src/">
    <Project Path="src/PerformancePatterns/PerformancePatterns.csproj" />
  </Folder>
  <Folder Name="/tests/">
    <Project Path="tests/PerformancePatterns.Tests/PerformancePatterns.Tests.csproj" />
  </Folder>
</Solution>
